
Microsoft Visual Studio Solution File, Format Version 12.00
# Visual Studio Version 16
VisualStudioVersion = 16.0.32602.291
MinimumVisualStudioVersion = 10.0.40219.1
Project("{8BC9CEB8-8B4A-11D0-8D11-00A0C91BC942}") = "vidhansoudha", "vidhansoudha\vidhansoudha.vcxproj", "{E4827C2F-1569-4D5C-9FFE-051387792438}"
EndProject
Global
	GlobalSection(SolutionConfigurationPlatforms) = preSolution
		Debug|x64 = Debug|x64
		Debug|x86 = Debug|x86
		Release|x64 = Release|x64
		Release|x86 = Release|x86
	EndGlobalSection
	GlobalSection(ProjectConfigurationPlatforms) = postSolution
		{E4827C2F-1569-4D5C-9FFE-051387792438}.Debug|x64.ActiveCfg = Debug|x64
		{E4827C2F-1569-4D5C-9FFE-051387792438}.Debug|x64.Build.0 = Debug|x64
		{E4827C2F-1569-4D5C-9FFE-051387792438}.Debug|x86.ActiveCfg = Debug|Win32
		{E4827C2F-1569-4D5C-9FFE-051387792438}.Debug|x86.Build.0 = Debug|Win32
		{E4827C2F-1569-4D5C-9FFE-051387792438}.Release|x64.ActiveCfg = Release|x64
		{E4827C2F-1569-4D5C-9FFE-051387792438}.Release|x64.Build.0 = Release|x64
		{E4827C2F-1569-4D5C-9FFE-051387792438}.Release|x86.ActiveCfg = Release|Win32
		{E4827C2F-1569-4D5C-9FFE-051387792438}.Release|x86.Build.0 = Release|Win32
	EndGlobalSection
	GlobalSection(SolutionProperties) = preSolution
		HideSolutionNode = FALSE
	EndGlobalSection
	GlobalSection(ExtensibilityGlobals) = postSolution
		SolutionGuid = {E3D9308B-FDA4-40EA-B839-2C652CCCF8E3}
	EndGlobalSection
EndGlobal
